
Microsoft Visual Studio Solution File, Format Version 11.00
# Visual Studio 2010
Project("{FAE04EC0-301F-11D3-BF4B-00C04F79EFBC}") = "html5Templates.Web", "html5Templates.Web\html5Templates.Web.csproj", "{C7FD221F-D446-4952-BFA1-79CF1FC12031}"
EndProject
Global
	GlobalSection(SolutionConfigurationPlatforms) = preSolution
		Debug|Any CPU = Debug|Any CPU
		Release|Any CPU = Release|Any CPU
	EndGlobalSection
	GlobalSection(ProjectConfigurationPlatforms) = postSolution
		{C7FD221F-D446-4952-BFA1-79CF1FC12031}.Debug|Any CPU.ActiveCfg = Debug|Any CPU
		{C7FD221F-D446-4952-BFA1-79CF1FC12031}.Debug|Any CPU.Build.0 = Debug|Any CPU
		{C7FD221F-D446-4952-BFA1-79CF1FC12031}.Release|Any CPU.ActiveCfg = Release|Any CPU
		{C7FD221F-D446-4952-BFA1-79CF1FC12031}.Release|Any CPU.Build.0 = Release|Any CPU
	EndGlobalSection
	GlobalSection(SolutionProperties) = preSolution
		HideSolutionNode = FALSE
	EndGlobalSection
EndGlobal
